// !$*UTF8*$!
{
	archiveVersion = 1;
	classes = {
	};
	objectVersion = 77;
	objects = {

/* Begin PBXBuildFile section */
		6D6508F92E5B418F0033992E /* FinanceCore in Frameworks */ = {isa = PBXBuildFile; productRef = 6D6508F82E5B418F0033992E /* FinanceCore */; };
/* End PBXBuildFile section */

/* Begin PBXContainerItemProxy section */
		6D6508DA2E5B40100033992E /* PBXContainerItemProxy */ = {
			isa = PBXContainerItemProxy;
			containerPortal = 6D6508C02E5B400F0033992E /* Project object */;
			proxyType = 1;
			remoteGlobalIDString = 6D6508C72E5B400F0033992E;
			remoteInfo = "Personal Finance";
		};
		6D6508E42E5B40100033992E /* PBXContainerItemProxy */ = {
			isa = PBXContainerItemProxy;
			containerPortal = 6D6508C02E5B400F0033992E /* Project object */;
			proxyType = 1;
			remoteGlobalIDString = 6D6508C72E5B400F0033992E;
			remoteInfo = "Personal Finance";
		};
/* End PBXContainerItemProxy section */

/* Begin PBXFileReference section */
		6D6508C82E5B400F0033992E /* Personal Finance.app */ = {isa = PBXFileReference; explicitFileType = wrapper.application; includeInIndex = 0; path = "Personal Finance.app"; sourceTree = BUILT_PRODUCTS_DIR; };
		6D6508D92E5B40100033992E /* Personal FinanceTests.xctest */ = {isa = PBXFileReference; explicitFileType = wrapper.cfbundle; includeInIndex = 0; path = "Personal FinanceTests.xctest"; sourceTree = BUILT_PRODUCTS_DIR; };
		6D6508E32E5B40100033992E /* Personal FinanceUITests.xctest */ = {isa = PBXFileReference; explicitFileType = wrapper.cfbundle; includeInIndex = 0; path = "Personal FinanceUITests.xctest"; sourceTree = BUILT_PRODUCTS_DIR; };
/* End PBXFileReference section */

/* Begin PBXFileSystemSynchronizedBuildFileExceptionSet section */
		6D6508EB2E5B40100033992E /* Exceptions for "Personal Finance" folder in "Personal Finance" target */ = {
			isa = PBXFileSystemSynchronizedBuildFileExceptionSet;
			membershipExceptions = (
				Info.plist,
			);
			target = 6D6508C72E5B400F0033992E /* Personal Finance */;
		};
/* End PBXFileSystemSynchronizedBuildFileExceptionSet section */

/* Begin PBXFileSystemSynchronizedRootGroup section */
		6D6508CA2E5B400F0033992E /* Personal Finance */ = {
			isa = PBXFileSystemSynchronizedRootGroup;
			exceptions = (
				6D6508EB2E5B40100033992E /* Exceptions for "Personal Finance" folder in "Personal Finance" target */,
			);
			path = "Personal Finance";
			sourceTree = "<group>";
		};
		6D6508DC2E5B40100033992E /* Personal FinanceTests */ = {
			isa = PBXFileSystemSynchronizedRootGroup;
			path = "Personal FinanceTests";
			sourceTree = "<group>";
		};
		6D6508E62E5B40100033992E /* Personal FinanceUITests */ = {
			isa = PBXFileSystemSynchronizedRootGroup;
			path = "Personal FinanceUITests";
			sourceTree = "<group>";
		};
/* End PBXFileSystemSynchronizedRootGroup section */

/* Begin PBXFrameworksBuildPhase section */
		6D6508C52E5B400F0033992E /* Frameworks */ = {
			isa = PBXFrameworksBuildPhase;
			buildActionMask = 2147483647;
			files = (
				6D6508F92E5B418F0033992E /* FinanceCore in Frameworks */,
			);
			runOnlyForDeploymentPostprocessing = 0;
		};
		6D6508D62E5B40100033992E /* Frameworks */ = {
			isa = PBXFrameworksBuildPhase;
			buildActionMask = 2147483647;
			files = (
			);
			runOnlyForDeploymentPostprocessing = 0;
		};
		6D6508E02E5B40100033992E /* Frameworks */ = {
			isa = PBXFrameworksBuildPhase;
			buildActionMask = 2147483647;
			files = (
			);
			runOnlyForDeploymentPostprocessing = 0;
		};
/* End PBXFrameworksBuildPhase section */

/* Begin PBXGroup section */
		6D6508BF2E5B400F0033992E = {
			isa = PBXGroup;
			children = (
				6D6508CA2E5B400F0033992E /* Personal Finance */,
				6D6508DC2E5B40100033992E /* Personal FinanceTests */,
				6D6508E62E5B40100033992E /* Personal FinanceUITests */,
				6D6508C92E5B400F0033992E /* Products */,
			);
			sourceTree = "<group>";
		};
		6D6508C92E5B400F0033992E /* Products */ = {
			isa = PBXGroup;
			children = (
				6D6508C82E5B400F0033992E /* Personal Finance.app */,
				6D6508D92E5B40100033992E /* Personal FinanceTests.xctest */,
				6D6508E32E5B40100033992E /* Personal FinanceUITests.xctest */,
			);
			name = Products;
			sourceTree = "<group>";
		};
/* End PBXGroup section */

/* Begin PBXNativeTarget section */
		6D6508C72E5B400F0033992E /* Personal Finance */ = {
			isa = PBXNativeTarget;
			buildConfigurationList = 6D6508EC2E5B40100033992E /* Build configuration list for PBXNativeTarget "Personal Finance" */;
			buildPhases = (
				6D6508C42E5B400F0033992E /* Sources */,
				6D6508C52E5B400F0033992E /* Frameworks */,
				6D6508C62E5B400F0033992E /* Resources */,
			);
			buildRules = (
			);
			dependencies = (
			);
			fileSystemSynchronizedGroups = (
				6D6508CA2E5B400F0033992E /* Personal Finance */,
			);
			name = "Personal Finance";
			packageProductDependencies = (
				6D6508F82E5B418F0033992E /* FinanceCore */,
			);
			productName = "Personal Finance";
			productReference = 6D6508C82E5B400F0033992E /* Personal Finance.app */;
			productType = "com.apple.product-type.application";
		};
		6D6508D82E5B40100033992E /* Personal FinanceTests */ = {
			isa = PBXNativeTarget;
			buildConfigurationList = 6D6508F12E5B40100033992E /* Build configuration list for PBXNativeTarget "Personal FinanceTests" */;
			buildPhases = (
				6D6508D52E5B40100033992E /* Sources */,
				6D6508D62E5B40100033992E /* Frameworks */,
				6D6508D72E5B40100033992E /* Resources */,
			);
			buildRules = (
			);
			dependencies = (
				6D6508DB2E5B40100033992E /* PBXTargetDependency */,
			);
			fileSystemSynchronizedGroups = (
				6D6508DC2E5B40100033992E /* Personal FinanceTests */,
			);
			name = "Personal FinanceTests";
			packageProductDependencies = (
			);
			productName = "Personal FinanceTests";
			productReference = 6D6508D92E5B40100033992E /* Personal FinanceTests.xctest */;
			productType = "com.apple.product-type.bundle.unit-test";
		};
		6D6508E22E5B40100033992E /* Personal FinanceUITests */ = {
			isa = PBXNativeTarget;
			buildConfigurationList = 6D6508F42E5B40100033992E /* Build configuration list for PBXNativeTarget "Personal FinanceUITests" */;
			buildPhases = (
				6D6508DF2E5B40100033992E /* Sources */,
				6D6508E02E5B40100033992E /* Frameworks */,
				6D6508E12E5B40100033992E /* Resources */,
			);
			buildRules = (
			);
			dependencies = (
				6D6508E52E5B40100033992E /* PBXTargetDependency */,
			);
			fileSystemSynchronizedGroups = (
				6D6508E62E5B40100033992E /* Personal FinanceUITests */,
			);
			name = "Personal FinanceUITests";
			packageProductDependencies = (
			);
			productName = "Personal FinanceUITests";
			productReference = 6D6508E32E5B40100033992E /* Personal FinanceUITests.xctest */;
			productType = "com.apple.product-type.bundle.ui-testing";
		};
/* End PBXNativeTarget section */

/* Begin PBXProject section */
		6D6508C02E5B400F0033992E /* Project object */ = {
			isa = PBXProject;
			attributes = {
				BuildIndependentTargetsInParallel = 1;
				LastSwiftUpdateCheck = 1630;
				LastUpgradeCheck = 1630;
				TargetAttributes = {
					6D6508C72E5B400F0033992E = {
						CreatedOnToolsVersion = 16.3;
					};
					6D6508D82E5B40100033992E = {
						CreatedOnToolsVersion = 16.3;
						TestTargetID = 6D6508C72E5B400F0033992E;
					};
					6D6508E22E5B40100033992E = {
						CreatedOnToolsVersion = 16.3;
						TestTargetID = 6D6508C72E5B400F0033992E;
					};
				};
			};
			buildConfigurationList = 6D6508C32E5B400F0033992E /* Build configuration list for PBXProject "Personal Finance" */;
			developmentRegion = en;
			hasScannedForEncodings = 0;
			knownRegions = (
				en,
				Base,
			);
			mainGroup = 6D6508BF2E5B400F0033992E;
			minimizedProjectReferenceProxies = 1;
			packageReferences = (
				6D6508F72E5B418F0033992E /* XCLocalSwiftPackageReference "Packages/FinanceCore" */,
			);
			preferredProjectObjectVersion = 77;
			productRefGroup = 6D6508C92E5B400F0033992E /* Products */;
			projectDirPath = "";
			projectRoot = "";
			targets = (
				6D6508C72E5B400F0033992E /* Personal Finance */,
				6D6508D82E5B40100033992E /* Personal FinanceTests */,
				6D6508E22E5B40100033992E /* Personal FinanceUITests */,
			);
		};
/* End PBXProject section */

/* Begin PBXResourcesBuildPhase section */
		6D6508C62E5B400F0033992E /* Resources */ = {
			isa = PBXResourcesBuildPhase;
			buildActionMask = 2147483647;
			files = (
			);
			runOnlyForDeploymentPostprocessing = 0;
		};
		6D6508D72E5B40100033992E /* Resources */ = {
			isa = PBXResourcesBuildPhase;
			buildActionMask = 2147483647;
			files = (
			);
			runOnlyForDeploymentPostprocessing = 0;
		};
		6D6508E12E5B40100033992E /* Resources */ = {
			isa = PBXResourcesBuildPhase;
			buildActionMask = 2147483647;
			files = (
			);
			runOnlyForDeploymentPostprocessing = 0;
		};
/* End PBXResourcesBuildPhase section */

/* Begin PBXSourcesBuildPhase section */
		6D6508C42E5B400F0033992E /* Sources */ = {
			isa = PBXSourcesBuildPhase;
			buildActionMask = 2147483647;
			files = (
			);
			runOnlyForDeploymentPostprocessing = 0;
		};
		6D6508D52E5B40100033992E /* Sources */ = {
			isa = PBXSourcesBuildPhase;
			buildActionMask = 2147483647;
			files = (
			);
			runOnlyForDeploymentPostprocessing = 0;
		};
		6D6508DF2E5B40100033992E /* Sources */ = {
			isa = PBXSourcesBuildPhase;
			buildActionMask = 2147483647;
			files = (
			);
			runOnlyForDeploymentPostprocessing = 0;
		};
/* End PBXSourcesBuildPhase section */

/* Begin PBXTargetDependency section */
		6D6508DB2E5B40100033992E /* PBXTargetDependency */ = {
			isa = PBXTargetDependency;
			target = 6D6508C72E5B400F0033992E /* Personal Finance */;
			targetProxy = 6D6508DA2E5B40100033992E /* PBXContainerItemProxy */;
		};
		6D6508E52E5B40100033992E /* PBXTargetDependency */ = {
			isa = PBXTargetDependency;
			target = 6D6508C72E5B400F0033992E /* Personal Finance */;
			targetProxy = 6D6508E42E5B40100033992E /* PBXContainerItemProxy */;
		};
/* End PBXTargetDependency section */

/* Begin XCBuildConfiguration section */
		6D6508ED2E5B40100033992E /* Debug */ = {
			isa = XCBuildConfiguration;
			buildSettings = {
				ASSETCATALOG_COMPILER_APPICON_NAME = AppIcon;
				ASSETCATALOG_COMPILER_GLOBAL_ACCENT_COLOR_NAME = AccentColor;
				CODE_SIGN_ENTITLEMENTS = "Personal Finance/Personal_Finance.entitlements";
				CODE_SIGN_STYLE = Automatic;
				CURRENT_PROJECT_VERSION = 1;
				DEVELOPMENT_TEAM = 3SB8N9QD3Z;
				ENABLE_PREVIEWS = YES;
				GENERATE_INFOPLIST_FILE = YES;
				INFOPLIST_FILE = "Personal Finance/Info.plist";
				INFOPLIST_KEY_LSApplicationCategoryType = "public.app-category.finance";
				INFOPLIST_KEY_UIApplicationSceneManifest_Generation = YES;
				INFOPLIST_KEY_UIApplicationSupportsIndirectInputEvents = YES;
				INFOPLIST_KEY_UILaunchScreen_Generation = YES;
				INFOPLIST_KEY_UISupportedInterfaceOrientations_iPad = "UIInterfaceOrientationPortrait UIInterfaceOrientationPortraitUpsideDown UIInterfaceOrientationLandscapeLeft UIInterfaceOrientationLandscapeRight";
				INFOPLIST_KEY_UISupportedInterfaceOrientations_iPhone = "UIInterfaceOrientationPortrait UIInterfaceOrientationLandscapeLeft UIInterfaceOrientationLandscapeRight";
				IPHONEOS_DEPLOYMENT_TARGET = 18.0;
				LD_RUNPATH_SEARCH_PATHS = (
					"$(inherited)",
					"@executable_path/Frameworks",
				);
				MARKETING_VERSION = 1.0;
				PRODUCT_BUNDLE_IDENTIFIER = "cc.fbianco.finance.Personal-Finance";
				PRODUCT_NAME = "$(TARGET_NAME)";
				SWIFT_EMIT_LOC_STRINGS = YES;
				SWIFT_VERSION = 5.0;
				TARGETED_DEVICE_FAMILY = "1,2";
			};
			name = Debug;
		};
		6D6508EE2E5B40100033992E /* Release */ = {
			isa = XCBuildConfiguration;
			buildSettings = {
				ASSETCATALOG_COMPILER_APPICON_NAME = AppIcon;
				ASSETCATALOG_COMPILER_GLOBAL_ACCENT_COLOR_NAME = AccentColor;
				CODE_SIGN_ENTITLEMENTS = "Personal Finance/Personal_Finance.entitlements";
				CODE_SIGN_STYLE = Automatic;
				CURRENT_PROJECT_VERSION = 1;
				DEVELOPMENT_TEAM = 3SB8N9QD3Z;
				ENABLE_PREVIEWS = YES;
				GENERATE_INFOPLIST_FILE = YES;
				INFOPLIST_FILE = "Personal Finance/Info.plist";
				INFOPLIST_KEY_LSApplicationCategoryType = "public.app-category.finance";
				INFOPLIST_KEY_UIApplicationSceneManifest_Generation = YES;
				INFOPLIST_KEY_UIApplicationSupportsIndirectInputEvents = YES;
				INFOPLIST_KEY_UILaunchScreen_Generation = YES;
				INFOPLIST_KEY_UISupportedInterfaceOrientations_iPad = "UIInterfaceOrientationPortrait UIInterfaceOrientationPortraitUpsideDown UIInterfaceOrientationLandscapeLeft UIInterfaceOrientationLandscapeRight";
				INFOPLIST_KEY_UISupportedInterfaceOrientations_iPhone = "UIInterfaceOrientationPortrait UIInterfaceOrientationLandscapeLeft UIInterfaceOrientationLandscapeRight";
				IPHONEOS_DEPLOYMENT_TARGET = 18.0;
				LD_RUNPATH_SEARCH_PATHS = (
					"$(inherited)",
					"@executable_path/Frameworks",
				);
				MARKETING_VERSION = 1.0;
				PRODUCT_BUNDLE_IDENTIFIER = "cc.fbianco.finance.Personal-Finance";
				PRODUCT_NAME = "$(TARGET_NAME)";
				SWIFT_EMIT_LOC_STRINGS = YES;
				SWIFT_VERSION = 5.0;
				TARGETED_DEVICE_FAMILY = "1,2";
			};
			name = Release;
		};
		6D6508EF2E5B40100033992E /* Debug */ = {
			isa = XCBuildConfiguration;
			buildSettings = {
				ALWAYS_SEARCH_USER_PATHS = NO;
				ASSETCATALOG_COMPILER_GENERATE_SWIFT_ASSET_SYMBOL_EXTENSIONS = YES;
				CLANG_ANALYZER_NONNULL = YES;
				CLANG_ANALYZER_NUMBER_OBJECT_CONVERSION = YES_AGGRESSIVE;
				CLANG_CXX_LANGUAGE_STANDARD = "gnu++20";
				CLANG_ENABLE_MODULES = YES;
				CLANG_ENABLE_OBJC_ARC = YES;
				CLANG_ENABLE_OBJC_WEAK = YES;
				CLANG_WARN_BLOCK_CAPTURE_AUTORELEASING = YES;
				CLANG_WARN_BOOL_CONVERSION = YES;
				CLANG_WARN_COMMA = YES;
				CLANG_WARN_CONSTANT_CONVERSION = YES;
				CLANG_WARN_DEPRECATED_OBJC_IMPLEMENTATIONS = YES;
				CLANG_WARN_DIRECT_OBJC_ISA_USAGE = YES_ERROR;
				CLANG_WARN_DOCUMENTATION_COMMENTS = YES;
				CLANG_WARN_EMPTY_BODY = YES;
				CLANG_WARN_ENUM_CONVERSION = YES;
				CLANG_WARN_INFINITE_RECURSION = YES;
				CLANG_WARN_INT_CONVERSION = YES;
				CLANG_WARN_NON_LITERAL_NULL_CONVERSION = YES;
				CLANG_WARN_OBJC_IMPLICIT_RETAIN_SELF = YES;
				CLANG_WARN_OBJC_LITERAL_CONVERSION = YES;
				CLANG_WARN_OBJC_ROOT_CLASS = YES_ERROR;
				CLANG_WARN_QUOTED_INCLUDE_IN_FRAMEWORK_HEADER = YES;
				CLANG_WARN_RANGE_LOOP_ANALYSIS = YES;
				CLANG_WARN_STRICT_PROTOTYPES = YES;
				CLANG_WARN_SUSPICIOUS_MOVE = YES;
				CLANG_WARN_UNGUARDED_AVAILABILITY = YES_AGGRESSIVE;
				CLANG_WARN_UNREACHABLE_CODE = YES;
				CLANG_WARN__DUPLICATE_METHOD_MATCH = YES;
				COPY_PHASE_STRIP = NO;
				DEBUG_INFORMATION_FORMAT = dwarf;
				DEVELOPMENT_TEAM = B6RA68KY78;
				ENABLE_STRICT_OBJC_MSGSEND = YES;
				ENABLE_TESTABILITY = YES;
				ENABLE_USER_SCRIPT_SANDBOXING = YES;
				GCC_C_LANGUAGE_STANDARD = gnu17;
				GCC_DYNAMIC_NO_PIC = NO;
				GCC_NO_COMMON_BLOCKS = YES;
				GCC_OPTIMIZATION_LEVEL = 0;
				GCC_PREPROCESSOR_DEFINITIONS = (
					"DEBUG=1",
					"$(inherited)",
				);
				GCC_WARN_64_TO_32_BIT_CONVERSION = YES;
				GCC_WARN_ABOUT_RETURN_TYPE = YES_ERROR;
				GCC_WARN_UNDECLARED_SELECTOR = YES;
				GCC_WARN_UNINITIALIZED_AUTOS = YES_AGGRESSIVE;
				GCC_WARN_UNUSED_FUNCTION = YES;
				GCC_WARN_UNUSED_VARIABLE = YES;
				IPHONEOS_DEPLOYMENT_TARGET = 18.4;
				LOCALIZATION_PREFERS_STRING_CATALOGS = YES;
				MTL_ENABLE_DEBUG_INFO = INCLUDE_SOURCE;
				MTL_FAST_MATH = YES;
				ONLY_ACTIVE_ARCH = YES;
				SDKROOT = iphoneos;
				SWIFT_ACTIVE_COMPILATION_CONDITIONS = "DEBUG $(inherited)";
				SWIFT_OPTIMIZATION_LEVEL = "-Onone";
			};
			name = Debug;
		};
		6D6508F02E5B40100033992E /* Release */ = {
			isa = XCBuildConfiguration;
			buildSettings = {
				ALWAYS_SEARCH_USER_PATHS = NO;
				ASSETCATALOG_COMPILER_GENERATE_SWIFT_ASSET_SYMBOL_EXTENSIONS = YES;
				CLANG_ANALYZER_NONNULL = YES;
				CLANG_ANALYZER_NUMBER_OBJECT_CONVERSION = YES_AGGRESSIVE;
				CLANG_CXX_LANGUAGE_STANDARD = "gnu++20";
				CLANG_ENABLE_MODULES = YES;
				CLANG_ENABLE_OBJC_ARC = YES;
				CLANG_ENABLE_OBJC_WEAK = YES;
				CLANG_WARN_BLOCK_CAPTURE_AUTORELEASING = YES;
				CLANG_WARN_BOOL_CONVERSION = YES;
				CLANG_WARN_COMMA = YES;
				CLANG_WARN_CONSTANT_CONVERSION = YES;
				CLANG_WARN_DEPRECATED_OBJC_IMPLEMENTATIONS = YES;
				CLANG_WARN_DIRECT_OBJC_ISA_USAGE = YES_ERROR;
				CLANG_WARN_DOCUMENTATION_COMMENTS = YES;
				CLANG_WARN_EMPTY_BODY = YES;
				CLANG_WARN_ENUM_CONVERSION = YES;
				CLANG_WARN_INFINITE_RECURSION = YES;
				CLANG_WARN_INT_CONVERSION = YES;
				CLANG_WARN_NON_LITERAL_NULL_CONVERSION = YES;
				CLANG_WARN_OBJC_IMPLICIT_RETAIN_SELF = YES;
				CLANG_WARN_OBJC_LITERAL_CONVERSION = YES;
				CLANG_WARN_OBJC_ROOT_CLASS = YES_ERROR;
				CLANG_WARN_QUOTED_INCLUDE_IN_FRAMEWORK_HEADER = YES;
				CLANG_WARN_RANGE_LOOP_ANALYSIS = YES;
				CLANG_WARN_STRICT_PROTOTYPES = YES;
				CLANG_WARN_SUSPICIOUS_MOVE = YES;
				CLANG_WARN_UNGUARDED_AVAILABILITY = YES_AGGRESSIVE;
				CLANG_WARN_UNREACHABLE_CODE = YES;
				CLANG_WARN__DUPLICATE_METHOD_MATCH = YES;
				COPY_PHASE_STRIP = NO;
				DEBUG_INFORMATION_FORMAT = "dwarf-with-dsym";
				DEVELOPMENT_TEAM = B6RA68KY78;
				ENABLE_NS_ASSERTIONS = NO;
				ENABLE_STRICT_OBJC_MSGSEND = YES;
				ENABLE_USER_SCRIPT_SANDBOXING = YES;
				GCC_C_LANGUAGE_STANDARD = gnu17;
				GCC_NO_COMMON_BLOCKS = YES;
				GCC_WARN_64_TO_32_BIT_CONVERSION = YES;
				GCC_WARN_ABOUT_RETURN_TYPE = YES_ERROR;
				GCC_WARN_UNDECLARED_SELECTOR = YES;
				GCC_WARN_UNINITIALIZED_AUTOS = YES_AGGRESSIVE;
				GCC_WARN_UNUSED_FUNCTION = YES;
				GCC_WARN_UNUSED_VARIABLE = YES;
				IPHONEOS_DEPLOYMENT_TARGET = 18.4;
				LOCALIZATION_PREFERS_STRING_CATALOGS = YES;
				MTL_ENABLE_DEBUG_INFO = NO;
				MTL_FAST_MATH = YES;
				SDKROOT = iphoneos;
				SWIFT_COMPILATION_MODE = wholemodule;
				VALIDATE_PRODUCT = YES;
			};
			name = Release;
		};
		6D6508F22E5B40100033992E /* Debug */ = {
			isa = XCBuildConfiguration;
			buildSettings = {
				BUNDLE_LOADER = "$(TEST_HOST)";
				CODE_SIGN_STYLE = Automatic;
				CURRENT_PROJECT_VERSION = 1;
				DEVELOPMENT_TEAM = B6RA68KY78;
				GENERATE_INFOPLIST_FILE = YES;
				IPHONEOS_DEPLOYMENT_TARGET = 18.4;
				MARKETING_VERSION = 1.0;
				PRODUCT_BUNDLE_IDENTIFIER = "cc.fbianco.finance.Personal-FinanceTests";
				PRODUCT_NAME = "$(TARGET_NAME)";
				SWIFT_EMIT_LOC_STRINGS = NO;
				SWIFT_VERSION = 5.0;
				TARGETED_DEVICE_FAMILY = "1,2";
				TEST_HOST = "$(BUILT_PRODUCTS_DIR)/Personal Finance.app/$(BUNDLE_EXECUTABLE_FOLDER_PATH)/Personal Finance";
			};
			name = Debug;
		};
		6D6508F32E5B40100033992E /* Release */ = {
			isa = XCBuildConfiguration;
			buildSettings = {
				BUNDLE_LOADER = "$(TEST_HOST)";
				CODE_SIGN_STYLE = Automatic;
				CURRENT_PROJECT_VERSION = 1;
				DEVELOPMENT_TEAM = B6RA68KY78;
				GENERATE_INFOPLIST_FILE = YES;
				IPHONEOS_DEPLOYMENT_TARGET = 18.4;
				MARKETING_VERSION = 1.0;
				PRODUCT_BUNDLE_IDENTIFIER = "cc.fbianco.finance.Personal-FinanceTests";
				PRODUCT_NAME = "$(TARGET_NAME)";
				SWIFT_EMIT_LOC_STRINGS = NO;
				SWIFT_VERSION = 5.0;
				TARGETED_DEVICE_FAMILY = "1,2";
				TEST_HOST = "$(BUILT_PRODUCTS_DIR)/Personal Finance.app/$(BUNDLE_EXECUTABLE_FOLDER_PATH)/Personal Finance";
			};
			name = Release;
		};
		6D6508F52E5B40100033992E /* Debug */ = {
			isa = XCBuildConfiguration;
			buildSettings = {
				CODE_SIGN_STYLE = Automatic;
				CURRENT_PROJECT_VERSION = 1;
				DEVELOPMENT_TEAM = B6RA68KY78;
				GENERATE_INFOPLIST_FILE = YES;
				MARKETING_VERSION = 1.0;
				PRODUCT_BUNDLE_IDENTIFIER = "cc.fbianco.finance.Personal-FinanceUITests";
				PRODUCT_NAME = "$(TARGET_NAME)";
				SWIFT_EMIT_LOC_STRINGS = NO;
				SWIFT_VERSION = 5.0;
				TARGETED_DEVICE_FAMILY = "1,2";
				TEST_TARGET_NAME = "Personal Finance";
			};
			name = Debug;
		};
		6D6508F62E5B40100033992E /* Release */ = {
			isa = XCBuildConfiguration;
			buildSettings = {
				CODE_SIGN_STYLE = Automatic;
				CURRENT_PROJECT_VERSION = 1;
				DEVELOPMENT_TEAM = B6RA68KY78;
				GENERATE_INFOPLIST_FILE = YES;
				MARKETING_VERSION = 1.0;
				PRODUCT_BUNDLE_IDENTIFIER = "cc.fbianco.finance.Personal-FinanceUITests";
				PRODUCT_NAME = "$(TARGET_NAME)";
				SWIFT_EMIT_LOC_STRINGS = NO;
				SWIFT_VERSION = 5.0;
				TARGETED_DEVICE_FAMILY = "1,2";
				TEST_TARGET_NAME = "Personal Finance";
			};
			name = Release;
		};
/* End XCBuildConfiguration section */

/* Begin XCConfigurationList section */
		6D6508C32E5B400F0033992E /* Build configuration list for PBXProject "Personal Finance" */ = {
			isa = XCConfigurationList;
			buildConfigurations = (
				6D6508EF2E5B40100033992E /* Debug */,
				6D6508F02E5B40100033992E /* Release */,
			);
			defaultConfigurationIsVisible = 0;
			defaultConfigurationName = Release;
		};
		6D6508EC2E5B40100033992E /* Build configuration list for PBXNativeTarget "Personal Finance" */ = {
			isa = XCConfigurationList;
			buildConfigurations = (
				6D6508ED2E5B40100033992E /* Debug */,
				6D6508EE2E5B40100033992E /* Release */,
			);
			defaultConfigurationIsVisible = 0;
			defaultConfigurationName = Release;
		};
		6D6508F12E5B40100033992E /* Build configuration list for PBXNativeTarget "Personal FinanceTests" */ = {
			isa = XCConfigurationList;
			buildConfigurations = (
				6D6508F22E5B40100033992E /* Debug */,
				6D6508F32E5B40100033992E /* Release */,
			);
			defaultConfigurationIsVisible = 0;
			defaultConfigurationName = Release;
		};
		6D6508F42E5B40100033992E /* Build configuration list for PBXNativeTarget "Personal FinanceUITests" */ = {
			isa = XCConfigurationList;
			buildConfigurations = (
				6D6508F52E5B40100033992E /* Debug */,
				6D6508F62E5B40100033992E /* Release */,
			);
			defaultConfigurationIsVisible = 0;
			defaultConfigurationName = Release;
		};
/* End XCConfigurationList section */

/* Begin XCLocalSwiftPackageReference section */
		6D6508F72E5B418F0033992E /* XCLocalSwiftPackageReference "Packages/FinanceCore" */ = {
			isa = XCLocalSwiftPackageReference;
			relativePath = Packages/FinanceCore;
		};
/* End XCLocalSwiftPackageReference section */

/* Begin XCSwiftPackageProductDependency section */
		6D6508F82E5B418F0033992E /* FinanceCore */ = {
			isa = XCSwiftPackageProductDependency;
			productName = FinanceCore;
		};
/* End XCSwiftPackageProductDependency section */
	};
	rootObject = 6D6508C02E5B400F0033992E /* Project object */;
}
