// !$*UTF8*$!
{
	archiveVersion = 1;
	classes = {
	};
	objectVersion = 77;
	objects = {

/* Begin PBXBuildFile section */
		6D6508F92E5B418F0033992E /* FinanceCore in Frameworks */ = {isa = PBXBuildFile; productRef = 6D6508F82E5B418F0033992E /* FinanceCore */; };
		F0471A00000000000000000E /* ForgiaWidgets.appex in Embed App Extensions */ = {isa = PBXBuildFile; fileRef = F0471A000000000000000002 /* ForgiaWidgets.appex */; settings = {ATTRIBUTES = (RemoveHeadersOnCopy, ); }; };
		F0471A000000000000000010 /* FinanceCore in Frameworks */ = {isa = PBXBuildFile; productRef = F0471A00000000000000000F /* FinanceCore */; };
		F047CA00000000000000000E /* ForgiaWatch.app in Embed Watch Content */ = {isa = PBXBuildFile; fileRef = F047CA000000000000000002 /* ForgiaWatch.app */; platformFilter = ios; settings = {ATTRIBUTES = (RemoveHeadersOnCopy, ); }; };
		F047CA000000000000000015 /* ForgiaWatch/WatchProtocol.swift in Sources */ = {isa = PBXBuildFile; fileRef = F047CA000000000000000014 /* ForgiaWatch/WatchProtocol.swift */; };
		F047CA00000000000000001F /* Personal Finance/ForgiaIcon.icon in Resources */ = {isa = PBXBuildFile; fileRef = F047CA00000000000000001E /* Personal Finance/ForgiaIcon.icon */; };
		F047CA000000000000000029 /* Packages/FinanceCore/Sources/FinanceCore/Services/RemoteExpenseMessages.swift in Sources */ = {isa = PBXBuildFile; fileRef = F047CA000000000000000028 /* Packages/FinanceCore/Sources/FinanceCore/Services/RemoteExpenseMessages.swift */; };
		F047CB00000000000000000E /* ForgiaWatchWidgets.appex in Embed Watch Widgets */ = {isa = PBXBuildFile; fileRef = F047CB000000000000000002 /* ForgiaWatchWidgets.appex */; settings = {ATTRIBUTES = (RemoveHeadersOnCopy, ); }; };
		F0481B00000000000000000E /* FormiShare.appex in Embed App Extensions */ = {isa = PBXBuildFile; fileRef = F0481B000000000000000002 /* FormiShare.appex */; platformFilter = ios; settings = {ATTRIBUTES = (RemoveHeadersOnCopy, ); }; };
		F0481B000000000000000010 /* FinanceCore in Frameworks */ = {isa = PBXBuildFile; productRef = F0481B00000000000000000F /* FinanceCore */; };
		F1CA1E000000000000000001 /* FinanceUICalendar in Frameworks */ = {isa = PBXBuildFile; productRef = F1CA1E000000000000000002 /* FinanceUICalendar */; };
/* End PBXBuildFile section */

/* Begin PBXContainerItemProxy section */
		6D6508DA2E5B40100033992E /* PBXContainerItemProxy */ = {
			isa = PBXContainerItemProxy;
			containerPortal = 6D6508C02E5B400F0033992E /* Project object */;
			proxyType = 1;
			remoteGlobalIDString = 6D6508C72E5B400F0033992E;
			remoteInfo = "Personal Finance";
		};
		6D6508E42E5B40100033992E /* PBXContainerItemProxy */ = {
			isa = PBXContainerItemProxy;
			containerPortal = 6D6508C02E5B400F0033992E /* Project object */;
			proxyType = 1;
			remoteGlobalIDString = 6D6508C72E5B400F0033992E;
			remoteInfo = "Personal Finance";
		};
		F0471A00000000000000000C /* PBXContainerItemProxy */ = {
			isa = PBXContainerItemProxy;
			containerPortal = 6D6508C02E5B400F0033992E /* Project object */;
			proxyType = 1;
			remoteGlobalIDString = F0471A000000000000000001;
			remoteInfo = ForgiaWidgets;
		};
		F047CA00000000000000000C /* PBXContainerItemProxy */ = {
			isa = PBXContainerItemProxy;
			containerPortal = 6D6508C02E5B400F0033992E /* Project object */;
			proxyType = 1;
			remoteGlobalIDString = F047CA000000000000000001;
			remoteInfo = ForgiaWatch;
		};
		F047CB00000000000000000C /* PBXContainerItemProxy */ = {
			isa = PBXContainerItemProxy;
			containerPortal = 6D6508C02E5B400F0033992E /* Project object */;
			proxyType = 1;
			remoteGlobalIDString = F047CB000000000000000001;
			remoteInfo = ForgiaWatchWidgets;
		};
		F0481B00000000000000000C /* PBXContainerItemProxy */ = {
			isa = PBXContainerItemProxy;
			containerPortal = 6D6508C02E5B400F0033992E /* Project object */;
			proxyType = 1;
			remoteGlobalIDString = F0481B000000000000000001;
			remoteInfo = FormiShare;
		};
/* End PBXContainerItemProxy section */

/* Begin PBXCopyFilesBuildPhase section */
		F0471A00000000000000000D /* Embed App Extensions */ = {
			isa = PBXCopyFilesBuildPhase;
			buildActionMask = 2147483647;
			dstPath = "";
			dstSubfolderSpec = 13;
			files = (
				F0471A00000000000000000E /* ForgiaWidgets.appex in Embed App Extensions */,
				F0481B00000000000000000E /* FormiShare.appex in Embed App Extensions */,
			);
			name = "Embed App Extensions";
			runOnlyForDeploymentPostprocessing = 0;
		};
		F047CA00000000000000000D /* Embed Watch Content */ = {
			isa = PBXCopyFilesBuildPhase;
			buildActionMask = 2147483647;
			dstPath = "$(CONTENTS_FOLDER_PATH)/Watch";
			dstSubfolderSpec = 16;
			files = (
				F047CA00000000000000000E /* ForgiaWatch.app in Embed Watch Content */,
			);
			name = "Embed Watch Content";
			runOnlyForDeploymentPostprocessing = 0;
		};
		F047CB00000000000000000D /* Embed Watch Widgets */ = {
			isa = PBXCopyFilesBuildPhase;
			buildActionMask = 2147483647;
			dstPath = "";
			dstSubfolderSpec = 13;
			files = (
				F047CB00000000000000000E /* ForgiaWatchWidgets.appex in Embed Watch Widgets */,
			);
			name = "Embed Watch Widgets";
			runOnlyForDeploymentPostprocessing = 0;
		};
/* End PBXCopyFilesBuildPhase section */

/* Begin PBXFileReference section */
		6D6508C82E5B400F0033992E /* Personal Finance.app */ = {isa = PBXFileReference; explicitFileType = wrapper.application; includeInIndex = 0; path = "Personal Finance.app"; sourceTree = BUILT_PRODUCTS_DIR; };
		6D6508D92E5B40100033992E /* Personal FinanceTests.xctest */ = {isa = PBXFileReference; explicitFileType = wrapper.cfbundle; includeInIndex = 0; path = "Personal FinanceTests.xctest"; sourceTree = BUILT_PRODUCTS_DIR; };
		6D6508E32E5B40100033992E /* Personal FinanceUITests.xctest */ = {isa = PBXFileReference; explicitFileType = wrapper.cfbundle; includeInIndex = 0; path = "Personal FinanceUITests.xctest"; sourceTree = BUILT_PRODUCTS_DIR; };
		F0471A000000000000000002 /* ForgiaWidgets.appex */ = {isa = PBXFileReference; explicitFileType = "wrapper.app-extension"; includeInIndex = 0; path = ForgiaWidgets.appex; sourceTree = BUILT_PRODUCTS_DIR; };
		F047CA000000000000000002 /* ForgiaWatch.app */ = {isa = PBXFileReference; explicitFileType = wrapper.application; path = ForgiaWatch.app; sourceTree = BUILT_PRODUCTS_DIR; };
		F047CA000000000000000014 /* ForgiaWatch/WatchProtocol.swift */ = {isa = PBXFileReference; lastKnownFileType = sourcecode.swift; path = ForgiaWatch/WatchProtocol.swift; sourceTree = "<group>"; };
		F047CA00000000000000001E /* Personal Finance/ForgiaIcon.icon */ = {isa = PBXFileReference; lastKnownFileType = folder.icon; path = "Personal Finance/ForgiaIcon.icon"; sourceTree = "<group>"; };
		F047CA000000000000000028 /* Packages/FinanceCore/Sources/FinanceCore/Services/RemoteExpenseMessages.swift */ = {isa = PBXFileReference; lastKnownFileType = sourcecode.swift; path = Packages/FinanceCore/Sources/FinanceCore/Services/RemoteExpenseMessages.swift; sourceTree = "<group>"; };
		F047CB000000000000000002 /* ForgiaWatchWidgets.appex */ = {isa = PBXFileReference; explicitFileType = "wrapper.app-extension"; includeInIndex = 0; path = ForgiaWatchWidgets.appex; sourceTree = BUILT_PRODUCTS_DIR; };
		F0481B000000000000000002 /* FormiShare.appex */ = {isa = PBXFileReference; explicitFileType = "wrapper.app-extension"; includeInIndex = 0; path = FormiShare.appex; sourceTree = BUILT_PRODUCTS_DIR; };
/* End PBXFileReference section */

/* Begin PBXFileSystemSynchronizedBuildFileExceptionSet section */
		6D6508EB2E5B40100033992E /* Exceptions for "Personal Finance" folder in "Personal Finance" target */ = {
			isa = PBXFileSystemSynchronizedBuildFileExceptionSet;
			membershipExceptions = (
				"Conto-Principale-2026-02-05T17-48-48.csv",
				Info.plist,
			);
			target = 6D6508C72E5B400F0033992E /* Personal Finance */;
		};
		F0471A000000000000000004 /* Exceptions for "ForgiaWidgets" folder in "ForgiaWidgets" target */ = {
			isa = PBXFileSystemSynchronizedBuildFileExceptionSet;
			membershipExceptions = (
				Info.plist,
			);
			target = F0471A000000000000000001 /* ForgiaWidgets */;
		};
		F047CA000000000000000004 /* Exceptions for "ForgiaWatch" folder in "ForgiaWatch" target */ = {
			isa = PBXFileSystemSynchronizedBuildFileExceptionSet;
			membershipExceptions = (
				Info.plist,
			);
			target = F047CA000000000000000001 /* ForgiaWatch */;
		};
		F047CB000000000000000004 /* Exceptions for "ForgiaWatchWidgets" folder in "ForgiaWatchWidgets" target */ = {
			isa = PBXFileSystemSynchronizedBuildFileExceptionSet;
			membershipExceptions = (
				Info.plist,
			);
			target = F047CB000000000000000001 /* ForgiaWatchWidgets */;
		};
		F0481B000000000000000004 /* Exceptions for "FormiShare" folder in "FormiShare" target */ = {
			isa = PBXFileSystemSynchronizedBuildFileExceptionSet;
			membershipExceptions = (
				Info.plist,
			);
			target = F0481B000000000000000001 /* FormiShare */;
		};
/* End PBXFileSystemSynchronizedBuildFileExceptionSet section */

/* Begin PBXFileSystemSynchronizedRootGroup section */
		6D6508CA2E5B400F0033992E /* Personal Finance */ = {
			isa = PBXFileSystemSynchronizedRootGroup;
			exceptions = (
				6D6508EB2E5B40100033992E /* Exceptions for "Personal Finance" folder in "Personal Finance" target */,
			);
			path = "Personal Finance";
			sourceTree = "<group>";
		};
		6D6508DC2E5B40100033992E /* Personal FinanceTests */ = {
			isa = PBXFileSystemSynchronizedRootGroup;
			path = "Personal FinanceTests";
			sourceTree = "<group>";
		};
		6D6508E62E5B40100033992E /* Personal FinanceUITests */ = {
			isa = PBXFileSystemSynchronizedRootGroup;
			path = "Personal FinanceUITests";
			sourceTree = "<group>";
		};
		F0471A000000000000000003 /* ForgiaWidgets */ = {
			isa = PBXFileSystemSynchronizedRootGroup;
			exceptions = (
				F0471A000000000000000004 /* Exceptions for "ForgiaWidgets" folder in "ForgiaWidgets" target */,
			);
			path = ForgiaWidgets;
			sourceTree = "<group>";
		};
		F047BC000000000000000001 /* Shared */ = {
			isa = PBXFileSystemSynchronizedRootGroup;
			path = Shared;
			sourceTree = "<group>";
		};
		F047CA000000000000000003 /* ForgiaWatch */ = {
			isa = PBXFileSystemSynchronizedRootGroup;
			exceptions = (
				F047CA000000000000000004 /* Exceptions for "ForgiaWatch" folder in "ForgiaWatch" target */,
			);
			path = ForgiaWatch;
			sourceTree = "<group>";
		};
		F047CB000000000000000003 /* ForgiaWatchWidgets */ = {
			isa = PBXFileSystemSynchronizedRootGroup;
			exceptions = (
				F047CB000000000000000004 /* Exceptions for "ForgiaWatchWidgets" folder in "ForgiaWatchWidgets" target */,
			);
			path = ForgiaWatchWidgets;
			sourceTree = "<group>";
		};
		F0481B000000000000000003 /* FormiShare */ = {
			isa = PBXFileSystemSynchronizedRootGroup;
			exceptions = (
				F0481B000000000000000004 /* Exceptions for "FormiShare" folder in "FormiShare" target */,
			);
			path = FormiShare;
			sourceTree = "<group>";
		};
/* End PBXFileSystemSynchronizedRootGroup section */

/* Begin PBXFrameworksBuildPhase section */
		6D6508C52E5B400F0033992E /* Frameworks */ = {
			isa = PBXFrameworksBuildPhase;
			buildActionMask = 2147483647;
			files = (
				6D6508F92E5B418F0033992E /* FinanceCore in Frameworks */,
				F1CA1E000000000000000001 /* FinanceUICalendar in Frameworks */,
			);
			runOnlyForDeploymentPostprocessing = 0;
		};
		6D6508D62E5B40100033992E /* Frameworks */ = {
			isa = PBXFrameworksBuildPhase;
			buildActionMask = 2147483647;
			files = (
			);
			runOnlyForDeploymentPostprocessing = 0;
		};
		6D6508E02E5B40100033992E /* Frameworks */ = {
			isa = PBXFrameworksBuildPhase;
			buildActionMask = 2147483647;
			files = (
			);
			runOnlyForDeploymentPostprocessing = 0;
		};
		F0471A000000000000000006 /* Frameworks */ = {
			isa = PBXFrameworksBuildPhase;
			buildActionMask = 2147483647;
			files = (
				F0471A000000000000000010 /* FinanceCore in Frameworks */,
			);
			runOnlyForDeploymentPostprocessing = 0;
		};
		F047CA000000000000000006 /* Frameworks */ = {
			isa = PBXFrameworksBuildPhase;
			buildActionMask = 2147483647;
			files = (
			);
			runOnlyForDeploymentPostprocessing = 0;
		};
		F047CB000000000000000006 /* Frameworks */ = {
			isa = PBXFrameworksBuildPhase;
			buildActionMask = 2147483647;
			files = (
			);
			runOnlyForDeploymentPostprocessing = 0;
		};
		F0481B000000000000000006 /* Frameworks */ = {
			isa = PBXFrameworksBuildPhase;
			buildActionMask = 2147483647;
			files = (
				F0481B000000000000000010 /* FinanceCore in Frameworks */,
			);
			runOnlyForDeploymentPostprocessing = 0;
		};
/* End PBXFrameworksBuildPhase section */

/* Begin PBXGroup section */
		6D6508BF2E5B400F0033992E = {
			isa = PBXGroup;
			children = (
				F047BC000000000000000001 /* Shared */,
				6D6508CA2E5B400F0033992E /* Personal Finance */,
				F0471A000000000000000003 /* ForgiaWidgets */,
				F0481B000000000000000003 /* FormiShare */,
				F047CA000000000000000003 /* ForgiaWatch */,
				F047CB000000000000000003 /* ForgiaWatchWidgets */,
				F047CA000000000000000014 /* ForgiaWatch/WatchProtocol.swift */,
				F047CA00000000000000001E /* Personal Finance/ForgiaIcon.icon */,
				F047CA000000000000000028 /* Packages/FinanceCore/Sources/FinanceCore/Services/RemoteExpenseMessages.swift */,
				6D6508DC2E5B40100033992E /* Personal FinanceTests */,
				6D6508E62E5B40100033992E /* Personal FinanceUITests */,
				6D6508C92E5B400F0033992E /* Products */,
			);
			sourceTree = "<group>";
		};
		6D6508C92E5B400F0033992E /* Products */ = {
			isa = PBXGroup;
			children = (
				6D6508C82E5B400F0033992E /* Personal Finance.app */,
				F0471A000000000000000002 /* ForgiaWidgets.appex */,
				F0481B000000000000000002 /* FormiShare.appex */,
				F047CA000000000000000002 /* ForgiaWatch.app */,
				F047CB000000000000000002 /* ForgiaWatchWidgets.appex */,
				6D6508D92E5B40100033992E /* Personal FinanceTests.xctest */,
				6D6508E32E5B40100033992E /* Personal FinanceUITests.xctest */,
			);
			name = Products;
			sourceTree = "<group>";
		};
/* End PBXGroup section */

/* Begin PBXNativeTarget section */
		6D6508C72E5B400F0033992E /* Personal Finance */ = {
			isa = PBXNativeTarget;
			buildConfigurationList = 6D6508EC2E5B40100033992E /* Build configuration list for PBXNativeTarget "Personal Finance" */;
			buildPhases = (
				6D6508C42E5B400F0033992E /* Sources */,
				6D6508C52E5B400F0033992E /* Frameworks */,
				6D6508C62E5B400F0033992E /* Resources */,
				F04C11000000000000000001 /* Build Formi CLI */,
				F0471A00000000000000000D /* Embed App Extensions */,
				F047CA00000000000000000D /* Embed Watch Content */,
			);
			buildRules = (
			);
			dependencies = (
				F0471A00000000000000000B /* PBXTargetDependency */,
				F0481B00000000000000000B /* PBXTargetDependency */,
				F047CA00000000000000000B /* PBXTargetDependency */,
			);
			fileSystemSynchronizedGroups = (
				6D6508CA2E5B400F0033992E /* Personal Finance */,
				F047BC000000000000000001 /* Shared */,
			);
			name = "Personal Finance";
			packageProductDependencies = (
				6D6508F82E5B418F0033992E /* FinanceCore */,
				F1CA1E000000000000000002 /* FinanceUICalendar */,
			);
			productName = "Personal Finance";
			productReference = 6D6508C82E5B400F0033992E /* Personal Finance.app */;
			productType = "com.apple.product-type.application";
		};
		6D6508D82E5B40100033992E /* Personal FinanceTests */ = {
			isa = PBXNativeTarget;
			buildConfigurationList = 6D6508F12E5B40100033992E /* Build configuration list for PBXNativeTarget "Personal FinanceTests" */;
			buildPhases = (
				6D6508D52E5B40100033992E /* Sources */,
				6D6508D62E5B40100033992E /* Frameworks */,
				6D6508D72E5B40100033992E /* Resources */,
			);
			buildRules = (
			);
			dependencies = (
				6D6508DB2E5B40100033992E /* PBXTargetDependency */,
			);
			fileSystemSynchronizedGroups = (
				6D6508DC2E5B40100033992E /* Personal FinanceTests */,
			);
			name = "Personal FinanceTests";
			packageProductDependencies = (
			);
			productName = "Personal FinanceTests";
			productReference = 6D6508D92E5B40100033992E /* Personal FinanceTests.xctest */;
			productType = "com.apple.product-type.bundle.unit-test";
		};
		6D6508E22E5B40100033992E /* Personal FinanceUITests */ = {
			isa = PBXNativeTarget;
			buildConfigurationList = 6D6508F42E5B40100033992E /* Build configuration list for PBXNativeTarget "Personal FinanceUITests" */;
			buildPhases = (
				6D6508DF2E5B40100033992E /* Sources */,
				6D6508E02E5B40100033992E /* Frameworks */,
				6D6508E12E5B40100033992E /* Resources */,
			);
			buildRules = (
			);
			dependencies = (
				6D6508E52E5B40100033992E /* PBXTargetDependency */,
			);
			fileSystemSynchronizedGroups = (
				6D6508E62E5B40100033992E /* Personal FinanceUITests */,
			);
			name = "Personal FinanceUITests";
			packageProductDependencies = (
			);
			productName = "Personal FinanceUITests";
			productReference = 6D6508E32E5B40100033992E /* Personal FinanceUITests.xctest */;
			productType = "com.apple.product-type.bundle.ui-testing";
		};
		F0471A000000000000000001 /* ForgiaWidgets */ = {
			isa = PBXNativeTarget;
			buildConfigurationList = F0471A000000000000000008 /* Build configuration list for PBXNativeTarget "ForgiaWidgets" */;
			buildPhases = (
				F0471A000000000000000005 /* Sources */,
				F0471A000000000000000006 /* Frameworks */,
				F0471A000000000000000007 /* Resources */,
			);
			buildRules = (
			);
			dependencies = (
			);
			fileSystemSynchronizedGroups = (
				F0471A000000000000000003 /* ForgiaWidgets */,
				F047BC000000000000000001 /* Shared */,
			);
			name = ForgiaWidgets;
			packageProductDependencies = (
				F0471A00000000000000000F /* FinanceCore */,
			);
			productName = ForgiaWidgets;
			productReference = F0471A000000000000000002 /* ForgiaWidgets.appex */;
			productType = "com.apple.product-type.app-extension";
		};
		F047CA000000000000000001 /* ForgiaWatch */ = {
			isa = PBXNativeTarget;
			buildConfigurationList = F047CA000000000000000008 /* Build configuration list for PBXNativeTarget "ForgiaWatch" */;
			buildPhases = (
				F047CA000000000000000005 /* Sources */,
				F047CA000000000000000006 /* Frameworks */,
				F047CA000000000000000007 /* Resources */,
				F047CB00000000000000000D /* Embed Watch Widgets */,
			);
			buildRules = (
			);
			dependencies = (
				F047CB00000000000000000B /* PBXTargetDependency */,
			);
			fileSystemSynchronizedGroups = (
				F047CA000000000000000003 /* ForgiaWatch */,
			);
			name = ForgiaWatch;
			packageProductDependencies = (
			);
			productName = ForgiaWatch;
			productReference = F047CA000000000000000002 /* ForgiaWatch.app */;
			productType = "com.apple.product-type.application";
		};
		F047CB000000000000000001 /* ForgiaWatchWidgets */ = {
			isa = PBXNativeTarget;
			buildConfigurationList = F047CB000000000000000008 /* Build configuration list for PBXNativeTarget "ForgiaWatchWidgets" */;
			buildPhases = (
				F047CB000000000000000005 /* Sources */,
				F047CB000000000000000006 /* Frameworks */,
				F047CB000000000000000007 /* Resources */,
			);
			buildRules = (
			);
			dependencies = (
			);
			fileSystemSynchronizedGroups = (
				F047CB000000000000000003 /* ForgiaWatchWidgets */,
			);
			name = ForgiaWatchWidgets;
			packageProductDependencies = (
			);
			productName = ForgiaWatchWidgets;
			productReference = F047CB000000000000000002 /* ForgiaWatchWidgets.appex */;
			productType = "com.apple.product-type.app-extension";
		};
		F0481B000000000000000001 /* FormiShare */ = {
			isa = PBXNativeTarget;
			buildConfigurationList = F0481B000000000000000008 /* Build configuration list for PBXNativeTarget "FormiShare" */;
			buildPhases = (
				F0481B000000000000000005 /* Sources */,
				F0481B000000000000000006 /* Frameworks */,
				F0481B000000000000000007 /* Resources */,
			);
			buildRules = (
			);
			dependencies = (
			);
			fileSystemSynchronizedGroups = (
				F0481B000000000000000003 /* FormiShare */,
			);
			name = FormiShare;
			packageProductDependencies = (
				F0481B00000000000000000F /* FinanceCore */,
			);
			productName = FormiShare;
			productReference = F0481B000000000000000002 /* FormiShare.appex */;
			productType = "com.apple.product-type.app-extension";
		};
/* End PBXNativeTarget section */

/* Begin PBXProject section */
		6D6508C02E5B400F0033992E /* Project object */ = {
			isa = PBXProject;
			attributes = {
				BuildIndependentTargetsInParallel = 1;
				LastSwiftUpdateCheck = 1630;
				LastUpgradeCheck = 1630;
				TargetAttributes = {
					6D6508C72E5B400F0033992E = {
						CreatedOnToolsVersion = 16.3;
					};
					6D6508D82E5B40100033992E = {
						CreatedOnToolsVersion = 16.3;
						TestTargetID = 6D6508C72E5B400F0033992E;
					};
					6D6508E22E5B40100033992E = {
						CreatedOnToolsVersion = 16.3;
						TestTargetID = 6D6508C72E5B400F0033992E;
					};
				};
			};
			buildConfigurationList = 6D6508C32E5B400F0033992E /* Build configuration list for PBXProject "Personal Finance" */;
			developmentRegion = en;
			hasScannedForEncodings = 0;
			knownRegions = (
				en,
				Base,
			);
			mainGroup = 6D6508BF2E5B400F0033992E;
			minimizedProjectReferenceProxies = 1;
			packageReferences = (
				6D6508F72E5B418F0033992E /* XCLocalSwiftPackageReference "Packages/FinanceCore" */,
				F1CA1E000000000000000003 /* XCLocalSwiftPackageReference "Packages/FinanceUICalendar" */,
			);
			preferredProjectObjectVersion = 77;
			productRefGroup = 6D6508C92E5B400F0033992E /* Products */;
			projectDirPath = "";
			projectRoot = "";
			targets = (
				F047CA000000000000000001 /* ForgiaWatch */,
				F047CB000000000000000001 /* ForgiaWatchWidgets */,
				F0471A000000000000000001 /* ForgiaWidgets */,
				F0481B000000000000000001 /* FormiShare */,
				6D6508C72E5B400F0033992E /* Personal Finance */,
				6D6508D82E5B40100033992E /* Personal FinanceTests */,
				6D6508E22E5B40100033992E /* Personal FinanceUITests */,
			);
		};
/* End PBXProject section */

/* Begin PBXResourcesBuildPhase section */
		6D6508C62E5B400F0033992E /* Resources */ = {
			isa = PBXResourcesBuildPhase;
			buildActionMask = 2147483647;
			files = (
			);
			runOnlyForDeploymentPostprocessing = 0;
		};
		6D6508D72E5B40100033992E /* Resources */ = {
			isa = PBXResourcesBuildPhase;
			buildActionMask = 2147483647;
			files = (
			);
			runOnlyForDeploymentPostprocessing = 0;
		};
		6D6508E12E5B40100033992E /* Resources */ = {
			isa = PBXResourcesBuildPhase;
			buildActionMask = 2147483647;
			files = (
			);
			runOnlyForDeploymentPostprocessing = 0;
		};
		F0471A000000000000000007 /* Resources */ = {
			isa = PBXResourcesBuildPhase;
			buildActionMask = 2147483647;
			files = (
			);
			runOnlyForDeploymentPostprocessing = 0;
		};
		F047CA000000000000000007 /* Resources */ = {
			isa = PBXResourcesBuildPhase;
			buildActionMask = 2147483647;
			files = (
				F047CA00000000000000001F /* Personal Finance/ForgiaIcon.icon in Resources */,
			);
			runOnlyForDeploymentPostprocessing = 0;
		};
		F047CB000000000000000007 /* Resources */ = {
			isa = PBXResourcesBuildPhase;
			buildActionMask = 2147483647;
			files = (
			);
			runOnlyForDeploymentPostprocessing = 0;
		};
		F0481B000000000000000007 /* Resources */ = {
			isa = PBXResourcesBuildPhase;
			buildActionMask = 2147483647;
			files = (
			);
			runOnlyForDeploymentPostprocessing = 0;
		};
/* End PBXResourcesBuildPhase section */

/* Begin PBXShellScriptBuildPhase section */
        F04C11000000000000000001 /* Build Formi CLI */ = {
            isa = PBXShellScriptBuildPhase;
            buildActionMask = 2147483647;
            files = ();
            inputPaths = (
                "$(SRCROOT)/Tools/FormiCLI/build.sh",
                "$(SRCROOT)/Tools/FormiCLI/FormiCLI.swift",
                "$(SRCROOT)/Packages/FinanceCore/Sources/FinanceCore/Services/FormiCLIProtocol.swift",
                "$(SRCROOT)/Packages/FinanceCore/Sources/FinanceCore/Services/FormiCLIArguments.swift",
            );
            name = "Build Formi CLI";
            outputPaths = (
                "$(TARGET_BUILD_DIR)/$(EXECUTABLE_FOLDER_PATH)/formi",
                "$(DERIVED_FILE_DIR)/formi-cli",
            );
            runOnlyForDeploymentPostprocessing = 0;
            shellPath = /bin/sh;
            shellScript = "/bin/sh \"$SRCROOT/Tools/FormiCLI/build.sh\"";
        };
/* End PBXShellScriptBuildPhase section */

/* Begin PBXSourcesBuildPhase section */
		6D6508C42E5B400F0033992E /* Sources */ = {
			isa = PBXSourcesBuildPhase;
			buildActionMask = 2147483647;
			files = (
				F047CA000000000000000015 /* ForgiaWatch/WatchProtocol.swift in Sources */,
			);
			runOnlyForDeploymentPostprocessing = 0;
		};
		6D6508D52E5B40100033992E /* Sources */ = {
			isa = PBXSourcesBuildPhase;
			buildActionMask = 2147483647;
			files = (
			);
			runOnlyForDeploymentPostprocessing = 0;
		};
		6D6508DF2E5B40100033992E /* Sources */ = {
			isa = PBXSourcesBuildPhase;
			buildActionMask = 2147483647;
			files = (
			);
			runOnlyForDeploymentPostprocessing = 0;
		};
		F0471A000000000000000005 /* Sources */ = {
			isa = PBXSourcesBuildPhase;
			buildActionMask = 2147483647;
			files = (
			);
			runOnlyForDeploymentPostprocessing = 0;
		};
		F047CA000000000000000005 /* Sources */ = {
			isa = PBXSourcesBuildPhase;
			buildActionMask = 2147483647;
			files = (
				F047CA000000000000000029 /* Packages/FinanceCore/Sources/FinanceCore/Services/RemoteExpenseMessages.swift in Sources */,
			);
			runOnlyForDeploymentPostprocessing = 0;
		};
		F047CB000000000000000005 /* Sources */ = {
			isa = PBXSourcesBuildPhase;
			buildActionMask = 2147483647;
			files = (
			);
			runOnlyForDeploymentPostprocessing = 0;
		};
		F0481B000000000000000005 /* Sources */ = {
			isa = PBXSourcesBuildPhase;
			buildActionMask = 2147483647;
			files = (
			);
			runOnlyForDeploymentPostprocessing = 0;
		};
/* End PBXSourcesBuildPhase section */

/* Begin PBXTargetDependency section */
		6D6508DB2E5B40100033992E /* PBXTargetDependency */ = {
			isa = PBXTargetDependency;
			target = 6D6508C72E5B400F0033992E /* Personal Finance */;
			targetProxy = 6D6508DA2E5B40100033992E /* PBXContainerItemProxy */;
		};
		6D6508E52E5B40100033992E /* PBXTargetDependency */ = {
			isa = PBXTargetDependency;
			target = 6D6508C72E5B400F0033992E /* Personal Finance */;
			targetProxy = 6D6508E42E5B40100033992E /* PBXContainerItemProxy */;
		};
		F0471A00000000000000000B /* PBXTargetDependency */ = {
			isa = PBXTargetDependency;
			target = F0471A000000000000000001 /* ForgiaWidgets */;
			targetProxy = F0471A00000000000000000C /* PBXContainerItemProxy */;
		};
		F047CA00000000000000000B /* PBXTargetDependency */ = {
			isa = PBXTargetDependency;
			platformFilter = ios;
			target = F047CA000000000000000001 /* ForgiaWatch */;
			targetProxy = F047CA00000000000000000C /* PBXContainerItemProxy */;
		};
		F047CB00000000000000000B /* PBXTargetDependency */ = {
			isa = PBXTargetDependency;
			target = F047CB000000000000000001 /* ForgiaWatchWidgets */;
			targetProxy = F047CB00000000000000000C /* PBXContainerItemProxy */;
		};
		F0481B00000000000000000B /* PBXTargetDependency */ = {
			isa = PBXTargetDependency;
			platformFilter = ios;
			target = F0481B000000000000000001 /* FormiShare */;
			targetProxy = F0481B00000000000000000C /* PBXContainerItemProxy */;
		};
/* End PBXTargetDependency section */

/* Begin XCBuildConfiguration section */
		6D6508ED2E5B40100033992E /* Debug */ = {
			isa = XCBuildConfiguration;
			buildSettings = {
				ASSETCATALOG_COMPILER_APPICON_NAME = ForgiaIcon;
				ASSETCATALOG_COMPILER_GLOBAL_ACCENT_COLOR_NAME = AccentColor;
				CODE_SIGN_ENTITLEMENTS = "Personal Finance/Personal_Finance.entitlements";
				CODE_SIGN_STYLE = Automatic;
				CURRENT_PROJECT_VERSION = 11;
				DEVELOPMENT_TEAM = 3SB8N9QD3Z;
				ENABLE_APP_SANDBOX = YES;
				ENABLE_HARDENED_RUNTIME = YES;
				ENABLE_OUTGOING_NETWORK_CONNECTIONS = YES;
				ENABLE_PREVIEWS = YES;
				GENERATE_INFOPLIST_FILE = YES;
				INFOPLIST_FILE = "Personal Finance/Info.plist";
				INFOPLIST_KEY_CFBundleDisplayName = Formi;
				INFOPLIST_KEY_ITSAppUsesNonExemptEncryption = NO;
				INFOPLIST_KEY_LSApplicationCategoryType = "public.app-category.finance";
				INFOPLIST_KEY_NSCameraUsageDescription = "Fotografa e scansiona gli scontrini da allegare ai tuoi movimenti.";
				INFOPLIST_KEY_NSFaceIDUsageDescription = "Usa Face ID per sbloccare Formi e proteggere l’accesso ai tuoi dati finanziari.";
				INFOPLIST_KEY_NSLocationUsageDescription = "Associa la posizione al movimento quando scegli Usa posizione attuale.";
				INFOPLIST_KEY_NSLocationWhenInUseUsageDescription = "Associa la posizione al movimento quando scegli Usa posizione attuale.";
				INFOPLIST_KEY_UIApplicationSceneManifest_Generation = YES;
				INFOPLIST_KEY_UIApplicationSupportsIndirectInputEvents = YES;
				INFOPLIST_KEY_UILaunchScreen_Generation = YES;
				INFOPLIST_KEY_UISupportedInterfaceOrientations = UIInterfaceOrientationPortrait;
				INFOPLIST_KEY_UISupportedInterfaceOrientations_iPad = "UIInterfaceOrientationLandscapeLeft UIInterfaceOrientationLandscapeRight UIInterfaceOrientationPortrait UIInterfaceOrientationPortraitUpsideDown";
				IPHONEOS_DEPLOYMENT_TARGET = 26.0;
				LD_RUNPATH_SEARCH_PATHS = (
					"$(inherited)",
					"@executable_path/Frameworks",
				);
				MACOSX_DEPLOYMENT_TARGET = 26.0;
				MARKETING_VERSION = 1.0;
				PRODUCT_BUNDLE_IDENTIFIER = "cc.fbianco.finance.Personal-Finance";
				PRODUCT_NAME = "$(TARGET_NAME)";
				REGISTER_APP_GROUPS = YES;
				SUPPORTED_PLATFORMS = "iphoneos iphonesimulator macosx";
				SUPPORTS_MACCATALYST = NO;
				SUPPORTS_MAC_DESIGNED_FOR_IPHONE_IPAD = NO;
				SUPPORTS_XR_DESIGNED_FOR_IPHONE_IPAD = NO;
				SWIFT_EMIT_LOC_STRINGS = YES;
				SWIFT_VERSION = 5.0;
				TARGETED_DEVICE_FAMILY = "1,2";
			};
			name = Debug;
		};
		6D6508EE2E5B40100033992E /* Release */ = {
			isa = XCBuildConfiguration;
			buildSettings = {
				ASSETCATALOG_COMPILER_APPICON_NAME = ForgiaIcon;
				ASSETCATALOG_COMPILER_GLOBAL_ACCENT_COLOR_NAME = AccentColor;
				CODE_SIGN_ENTITLEMENTS = "Personal Finance/Personal_Finance.entitlements";
				CODE_SIGN_STYLE = Automatic;
				CURRENT_PROJECT_VERSION = 11;
				DEVELOPMENT_TEAM = 3SB8N9QD3Z;
				ENABLE_APP_SANDBOX = YES;
				ENABLE_HARDENED_RUNTIME = YES;
				ENABLE_OUTGOING_NETWORK_CONNECTIONS = YES;
				ENABLE_PREVIEWS = YES;
				GENERATE_INFOPLIST_FILE = YES;
				INFOPLIST_FILE = "Personal Finance/Info.plist";
				INFOPLIST_KEY_CFBundleDisplayName = Formi;
				INFOPLIST_KEY_ITSAppUsesNonExemptEncryption = NO;
				INFOPLIST_KEY_LSApplicationCategoryType = "public.app-category.finance";
				INFOPLIST_KEY_NSCameraUsageDescription = "Fotografa e scansiona gli scontrini da allegare ai tuoi movimenti.";
				INFOPLIST_KEY_NSFaceIDUsageDescription = "Usa Face ID per sbloccare Formi e proteggere l’accesso ai tuoi dati finanziari.";
				INFOPLIST_KEY_NSLocationUsageDescription = "Associa la posizione al movimento quando scegli Usa posizione attuale.";
				INFOPLIST_KEY_NSLocationWhenInUseUsageDescription = "Associa la posizione al movimento quando scegli Usa posizione attuale.";
				INFOPLIST_KEY_UIApplicationSceneManifest_Generation = YES;
				INFOPLIST_KEY_UIApplicationSupportsIndirectInputEvents = YES;
				INFOPLIST_KEY_UILaunchScreen_Generation = YES;
				INFOPLIST_KEY_UISupportedInterfaceOrientations = UIInterfaceOrientationPortrait;
				INFOPLIST_KEY_UISupportedInterfaceOrientations_iPad = "UIInterfaceOrientationLandscapeLeft UIInterfaceOrientationLandscapeRight UIInterfaceOrientationPortrait UIInterfaceOrientationPortraitUpsideDown";
				IPHONEOS_DEPLOYMENT_TARGET = 26.0;
				LD_RUNPATH_SEARCH_PATHS = (
					"$(inherited)",
					"@executable_path/Frameworks",
				);
				MACOSX_DEPLOYMENT_TARGET = 26.0;
				MARKETING_VERSION = 1.0;
				PRODUCT_BUNDLE_IDENTIFIER = "cc.fbianco.finance.Personal-Finance";
				PRODUCT_NAME = "$(TARGET_NAME)";
				REGISTER_APP_GROUPS = YES;
				SUPPORTED_PLATFORMS = "iphoneos iphonesimulator macosx";
				SUPPORTS_MACCATALYST = NO;
				SUPPORTS_MAC_DESIGNED_FOR_IPHONE_IPAD = NO;
				SUPPORTS_XR_DESIGNED_FOR_IPHONE_IPAD = NO;
				SWIFT_EMIT_LOC_STRINGS = YES;
				SWIFT_VERSION = 5.0;
				TARGETED_DEVICE_FAMILY = "1,2";
			};
			name = Release;
		};
		6D6508EF2E5B40100033992E /* Debug */ = {
			isa = XCBuildConfiguration;
			buildSettings = {
				ALWAYS_SEARCH_USER_PATHS = NO;
				ASSETCATALOG_COMPILER_GENERATE_SWIFT_ASSET_SYMBOL_EXTENSIONS = YES;
				CLANG_ANALYZER_NONNULL = YES;
				CLANG_ANALYZER_NUMBER_OBJECT_CONVERSION = YES_AGGRESSIVE;
				CLANG_CXX_LANGUAGE_STANDARD = "gnu++20";
				CLANG_ENABLE_MODULES = YES;
				CLANG_ENABLE_OBJC_ARC = YES;
				CLANG_ENABLE_OBJC_WEAK = YES;
				CLANG_WARN_BLOCK_CAPTURE_AUTORELEASING = YES;
				CLANG_WARN_BOOL_CONVERSION = YES;
				CLANG_WARN_COMMA = YES;
				CLANG_WARN_CONSTANT_CONVERSION = YES;
				CLANG_WARN_DEPRECATED_OBJC_IMPLEMENTATIONS = YES;
				CLANG_WARN_DIRECT_OBJC_ISA_USAGE = YES_ERROR;
				CLANG_WARN_DOCUMENTATION_COMMENTS = YES;
				CLANG_WARN_EMPTY_BODY = YES;
				CLANG_WARN_ENUM_CONVERSION = YES;
				CLANG_WARN_INFINITE_RECURSION = YES;
				CLANG_WARN_INT_CONVERSION = YES;
				CLANG_WARN_NON_LITERAL_NULL_CONVERSION = YES;
				CLANG_WARN_OBJC_IMPLICIT_RETAIN_SELF = YES;
				CLANG_WARN_OBJC_LITERAL_CONVERSION = YES;
				CLANG_WARN_OBJC_ROOT_CLASS = YES_ERROR;
				CLANG_WARN_QUOTED_INCLUDE_IN_FRAMEWORK_HEADER = YES;
				CLANG_WARN_RANGE_LOOP_ANALYSIS = YES;
				CLANG_WARN_STRICT_PROTOTYPES = YES;
				CLANG_WARN_SUSPICIOUS_MOVE = YES;
				CLANG_WARN_UNGUARDED_AVAILABILITY = YES_AGGRESSIVE;
				CLANG_WARN_UNREACHABLE_CODE = YES;
				CLANG_WARN__DUPLICATE_METHOD_MATCH = YES;
				COPY_PHASE_STRIP = NO;
				DEBUG_INFORMATION_FORMAT = dwarf;
				DEVELOPMENT_TEAM = B6RA68KY78;
				ENABLE_STRICT_OBJC_MSGSEND = YES;
				ENABLE_TESTABILITY = YES;
				ENABLE_USER_SCRIPT_SANDBOXING = YES;
				GCC_C_LANGUAGE_STANDARD = gnu17;
				GCC_DYNAMIC_NO_PIC = NO;
				GCC_NO_COMMON_BLOCKS = YES;
				GCC_OPTIMIZATION_LEVEL = 0;
				GCC_PREPROCESSOR_DEFINITIONS = (
					"DEBUG=1",
					"$(inherited)",
				);
				GCC_WARN_64_TO_32_BIT_CONVERSION = YES;
				GCC_WARN_ABOUT_RETURN_TYPE = YES_ERROR;
				GCC_WARN_UNDECLARED_SELECTOR = YES;
				GCC_WARN_UNINITIALIZED_AUTOS = YES_AGGRESSIVE;
				GCC_WARN_UNUSED_FUNCTION = YES;
				GCC_WARN_UNUSED_VARIABLE = YES;
				IPHONEOS_DEPLOYMENT_TARGET = 26.0;
				LOCALIZATION_PREFERS_STRING_CATALOGS = YES;
				MTL_ENABLE_DEBUG_INFO = INCLUDE_SOURCE;
				MTL_FAST_MATH = YES;
				ONLY_ACTIVE_ARCH = YES;
				SDKROOT = iphoneos;
				SWIFT_ACTIVE_COMPILATION_CONDITIONS = "DEBUG $(inherited)";
				SWIFT_OPTIMIZATION_LEVEL = "-Onone";
			};
			name = Debug;
		};
		6D6508F02E5B40100033992E /* Release */ = {
			isa = XCBuildConfiguration;
			buildSettings = {
				ALWAYS_SEARCH_USER_PATHS = NO;
				ASSETCATALOG_COMPILER_GENERATE_SWIFT_ASSET_SYMBOL_EXTENSIONS = YES;
				CLANG_ANALYZER_NONNULL = YES;
				CLANG_ANALYZER_NUMBER_OBJECT_CONVERSION = YES_AGGRESSIVE;
				CLANG_CXX_LANGUAGE_STANDARD = "gnu++20";
				CLANG_ENABLE_MODULES = YES;
				CLANG_ENABLE_OBJC_ARC = YES;
				CLANG_ENABLE_OBJC_WEAK = YES;
				CLANG_WARN_BLOCK_CAPTURE_AUTORELEASING = YES;
				CLANG_WARN_BOOL_CONVERSION = YES;
				CLANG_WARN_COMMA = YES;
				CLANG_WARN_CONSTANT_CONVERSION = YES;
				CLANG_WARN_DEPRECATED_OBJC_IMPLEMENTATIONS = YES;
				CLANG_WARN_DIRECT_OBJC_ISA_USAGE = YES_ERROR;
				CLANG_WARN_DOCUMENTATION_COMMENTS = YES;
				CLANG_WARN_EMPTY_BODY = YES;
				CLANG_WARN_ENUM_CONVERSION = YES;
				CLANG_WARN_INFINITE_RECURSION = YES;
				CLANG_WARN_INT_CONVERSION = YES;
				CLANG_WARN_NON_LITERAL_NULL_CONVERSION = YES;
				CLANG_WARN_OBJC_IMPLICIT_RETAIN_SELF = YES;
				CLANG_WARN_OBJC_LITERAL_CONVERSION = YES;
				CLANG_WARN_OBJC_ROOT_CLASS = YES_ERROR;
				CLANG_WARN_QUOTED_INCLUDE_IN_FRAMEWORK_HEADER = YES;
				CLANG_WARN_RANGE_LOOP_ANALYSIS = YES;
				CLANG_WARN_STRICT_PROTOTYPES = YES;
				CLANG_WARN_SUSPICIOUS_MOVE = YES;
				CLANG_WARN_UNGUARDED_AVAILABILITY = YES_AGGRESSIVE;
				CLANG_WARN_UNREACHABLE_CODE = YES;
				CLANG_WARN__DUPLICATE_METHOD_MATCH = YES;
				COPY_PHASE_STRIP = NO;
				DEBUG_INFORMATION_FORMAT = "dwarf-with-dsym";
				DEVELOPMENT_TEAM = B6RA68KY78;
				ENABLE_NS_ASSERTIONS = NO;
				ENABLE_STRICT_OBJC_MSGSEND = YES;
				ENABLE_USER_SCRIPT_SANDBOXING = YES;
				GCC_C_LANGUAGE_STANDARD = gnu17;
				GCC_NO_COMMON_BLOCKS = YES;
				GCC_WARN_64_TO_32_BIT_CONVERSION = YES;
				GCC_WARN_ABOUT_RETURN_TYPE = YES_ERROR;
				GCC_WARN_UNDECLARED_SELECTOR = YES;
				GCC_WARN_UNINITIALIZED_AUTOS = YES_AGGRESSIVE;
				GCC_WARN_UNUSED_FUNCTION = YES;
				GCC_WARN_UNUSED_VARIABLE = YES;
				IPHONEOS_DEPLOYMENT_TARGET = 26.0;
				LOCALIZATION_PREFERS_STRING_CATALOGS = YES;
				MTL_ENABLE_DEBUG_INFO = NO;
				MTL_FAST_MATH = YES;
				SDKROOT = iphoneos;
				SWIFT_COMPILATION_MODE = wholemodule;
				VALIDATE_PRODUCT = YES;
			};
			name = Release;
		};
		6D6508F22E5B40100033992E /* Debug */ = {
			isa = XCBuildConfiguration;
			buildSettings = {
				BUNDLE_LOADER = "$(TEST_HOST)";
				CODE_SIGN_STYLE = Automatic;
				CURRENT_PROJECT_VERSION = 1;
				DEVELOPMENT_TEAM = 3SB8N9QD3Z;
				GENERATE_INFOPLIST_FILE = YES;
				IPHONEOS_DEPLOYMENT_TARGET = 26.0;
				MACOSX_DEPLOYMENT_TARGET = 26.0;
				MARKETING_VERSION = 1.0;
				PRODUCT_BUNDLE_IDENTIFIER = "cc.fbianco.finance.Personal-FinanceTests";
				PRODUCT_NAME = "$(TARGET_NAME)";
				SDKROOT = auto;
				SUPPORTED_PLATFORMS = "iphoneos iphonesimulator macosx";
				SWIFT_EMIT_LOC_STRINGS = NO;
				SWIFT_VERSION = 5.0;
				TARGETED_DEVICE_FAMILY = "1,2";
				TEST_HOST = "$(BUILT_PRODUCTS_DIR)/Personal Finance.app/$(BUNDLE_EXECUTABLE_FOLDER_PATH)/Personal Finance";
			};
			name = Debug;
		};
		6D6508F32E5B40100033992E /* Release */ = {
			isa = XCBuildConfiguration;
			buildSettings = {
				BUNDLE_LOADER = "$(TEST_HOST)";
				CODE_SIGN_STYLE = Automatic;
				CURRENT_PROJECT_VERSION = 1;
				DEVELOPMENT_TEAM = 3SB8N9QD3Z;
				GENERATE_INFOPLIST_FILE = YES;
				IPHONEOS_DEPLOYMENT_TARGET = 26.0;
				MACOSX_DEPLOYMENT_TARGET = 26.0;
				MARKETING_VERSION = 1.0;
				PRODUCT_BUNDLE_IDENTIFIER = "cc.fbianco.finance.Personal-FinanceTests";
				PRODUCT_NAME = "$(TARGET_NAME)";
				SDKROOT = auto;
				SUPPORTED_PLATFORMS = "iphoneos iphonesimulator macosx";
				SWIFT_EMIT_LOC_STRINGS = NO;
				SWIFT_VERSION = 5.0;
				TARGETED_DEVICE_FAMILY = "1,2";
				TEST_HOST = "$(BUILT_PRODUCTS_DIR)/Personal Finance.app/$(BUNDLE_EXECUTABLE_FOLDER_PATH)/Personal Finance";
			};
			name = Release;
		};
		6D6508F52E5B40100033992E /* Debug */ = {
			isa = XCBuildConfiguration;
			buildSettings = {
				CODE_SIGN_STYLE = Automatic;
				CURRENT_PROJECT_VERSION = 1;
				DEVELOPMENT_TEAM = B6RA68KY78;
				GENERATE_INFOPLIST_FILE = YES;
				MARKETING_VERSION = 1.0;
				PRODUCT_BUNDLE_IDENTIFIER = "cc.fbianco.finance.Personal-FinanceUITests";
				PRODUCT_NAME = "$(TARGET_NAME)";
				SWIFT_EMIT_LOC_STRINGS = NO;
				SWIFT_VERSION = 5.0;
				TARGETED_DEVICE_FAMILY = "1,2";
				TEST_TARGET_NAME = "Personal Finance";
			};
			name = Debug;
		};
		6D6508F62E5B40100033992E /* Release */ = {
			isa = XCBuildConfiguration;
			buildSettings = {
				CODE_SIGN_STYLE = Automatic;
				CURRENT_PROJECT_VERSION = 1;
				DEVELOPMENT_TEAM = B6RA68KY78;
				GENERATE_INFOPLIST_FILE = YES;
				MARKETING_VERSION = 1.0;
				PRODUCT_BUNDLE_IDENTIFIER = "cc.fbianco.finance.Personal-FinanceUITests";
				PRODUCT_NAME = "$(TARGET_NAME)";
				SWIFT_EMIT_LOC_STRINGS = NO;
				SWIFT_VERSION = 5.0;
				TARGETED_DEVICE_FAMILY = "1,2";
				TEST_TARGET_NAME = "Personal Finance";
			};
			name = Release;
		};
		F0471A000000000000000009 /* Debug */ = {
			isa = XCBuildConfiguration;
			buildSettings = {
				APPLICATION_EXTENSION_API_ONLY = YES;
				CODE_SIGN_ENTITLEMENTS = ForgiaWidgets/ForgiaWidgets.entitlements;
				CODE_SIGN_STYLE = Automatic;
				CURRENT_PROJECT_VERSION = 11;
				DEVELOPMENT_TEAM = 3SB8N9QD3Z;
				ENABLE_APP_SANDBOX = YES;
				GENERATE_INFOPLIST_FILE = YES;
				INFOPLIST_FILE = ForgiaWidgets/Info.plist;
				INFOPLIST_KEY_CFBundleDisplayName = "Formi Widgets";
				IPHONEOS_DEPLOYMENT_TARGET = 26.0;
				LD_RUNPATH_SEARCH_PATHS = (
					"$(inherited)",
					"@executable_path/Frameworks",
					"@executable_path/../../Frameworks",
				);
				MACOSX_DEPLOYMENT_TARGET = 26.0;
				MARKETING_VERSION = 1.0;
				PRODUCT_BUNDLE_IDENTIFIER = "cc.fbianco.finance.Personal-Finance.widgets";
				PRODUCT_NAME = "$(TARGET_NAME)";
				SDKROOT = auto;
				SKIP_INSTALL = YES;
				SUPPORTED_PLATFORMS = "iphoneos iphonesimulator macosx";
				SUPPORTS_MACCATALYST = NO;
				SWIFT_EMIT_LOC_STRINGS = YES;
				SWIFT_VERSION = 5.0;
				TARGETED_DEVICE_FAMILY = "1,2";
			};
			name = Debug;
		};
		F0471A00000000000000000A /* Release */ = {
			isa = XCBuildConfiguration;
			buildSettings = {
				APPLICATION_EXTENSION_API_ONLY = YES;
				CODE_SIGN_ENTITLEMENTS = ForgiaWidgets/ForgiaWidgets.entitlements;
				CODE_SIGN_STYLE = Automatic;
				CURRENT_PROJECT_VERSION = 11;
				DEVELOPMENT_TEAM = 3SB8N9QD3Z;
				ENABLE_APP_SANDBOX = YES;
				GENERATE_INFOPLIST_FILE = YES;
				INFOPLIST_FILE = ForgiaWidgets/Info.plist;
				INFOPLIST_KEY_CFBundleDisplayName = "Formi Widgets";
				IPHONEOS_DEPLOYMENT_TARGET = 26.0;
				LD_RUNPATH_SEARCH_PATHS = (
					"$(inherited)",
					"@executable_path/Frameworks",
					"@executable_path/../../Frameworks",
				);
				MACOSX_DEPLOYMENT_TARGET = 26.0;
				MARKETING_VERSION = 1.0;
				PRODUCT_BUNDLE_IDENTIFIER = "cc.fbianco.finance.Personal-Finance.widgets";
				PRODUCT_NAME = "$(TARGET_NAME)";
				SDKROOT = auto;
				SKIP_INSTALL = YES;
				SUPPORTED_PLATFORMS = "iphoneos iphonesimulator macosx";
				SUPPORTS_MACCATALYST = NO;
				SWIFT_EMIT_LOC_STRINGS = YES;
				SWIFT_VERSION = 5.0;
				TARGETED_DEVICE_FAMILY = "1,2";
			};
			name = Release;
		};
		F047CA000000000000000009 /* Debug */ = {
			isa = XCBuildConfiguration;
			buildSettings = {
				ASSETCATALOG_COMPILER_APPICON_NAME = ForgiaIcon;
				CODE_SIGN_STYLE = Automatic;
				CURRENT_PROJECT_VERSION = 11;
				DEVELOPMENT_TEAM = 3SB8N9QD3Z;
				GENERATE_INFOPLIST_FILE = YES;
				INFOPLIST_FILE = ForgiaWatch/Info.plist;
				INFOPLIST_KEY_CFBundleDisplayName = Formi;
				LD_RUNPATH_SEARCH_PATHS = (
					"$(inherited)",
					"@executable_path/Frameworks",
				);
				MARKETING_VERSION = 1.0;
				PRODUCT_BUNDLE_IDENTIFIER = "cc.fbianco.finance.Personal-Finance.watchkitapp";
				PRODUCT_NAME = "$(TARGET_NAME)";
				SDKROOT = watchos;
				SKIP_INSTALL = YES;
				SUPPORTED_PLATFORMS = "watchos watchsimulator";
				SWIFT_STRICT_CONCURRENCY = complete;
				SWIFT_VERSION = 5.0;
				TARGETED_DEVICE_FAMILY = 4;
				WATCHOS_DEPLOYMENT_TARGET = 26.0;
			};
			name = Debug;
		};
		F047CA00000000000000000A /* Release */ = {
			isa = XCBuildConfiguration;
			buildSettings = {
				ASSETCATALOG_COMPILER_APPICON_NAME = ForgiaIcon;
				CODE_SIGN_STYLE = Automatic;
				CURRENT_PROJECT_VERSION = 11;
				DEVELOPMENT_TEAM = 3SB8N9QD3Z;
				GENERATE_INFOPLIST_FILE = YES;
				INFOPLIST_FILE = ForgiaWatch/Info.plist;
				INFOPLIST_KEY_CFBundleDisplayName = Formi;
				LD_RUNPATH_SEARCH_PATHS = (
					"$(inherited)",
					"@executable_path/Frameworks",
				);
				MARKETING_VERSION = 1.0;
				PRODUCT_BUNDLE_IDENTIFIER = "cc.fbianco.finance.Personal-Finance.watchkitapp";
				PRODUCT_NAME = "$(TARGET_NAME)";
				SDKROOT = watchos;
				SKIP_INSTALL = YES;
				SUPPORTED_PLATFORMS = "watchos watchsimulator";
				SWIFT_STRICT_CONCURRENCY = complete;
				SWIFT_VERSION = 5.0;
				TARGETED_DEVICE_FAMILY = 4;
				WATCHOS_DEPLOYMENT_TARGET = 26.0;
			};
			name = Release;
		};
		F047CB000000000000000009 /* Debug */ = {
			isa = XCBuildConfiguration;
			buildSettings = {
				APPLICATION_EXTENSION_API_ONLY = YES;
				CODE_SIGN_STYLE = Automatic;
				CURRENT_PROJECT_VERSION = 11;
				DEVELOPMENT_TEAM = 3SB8N9QD3Z;
				GENERATE_INFOPLIST_FILE = YES;
				INFOPLIST_FILE = ForgiaWatchWidgets/Info.plist;
				INFOPLIST_KEY_CFBundleDisplayName = "Formi Watch Widgets";
				LD_RUNPATH_SEARCH_PATHS = (
					"$(inherited)",
					"@executable_path/Frameworks",
					"@executable_path/../../Frameworks",
				);
				MARKETING_VERSION = 1.0;
				PRODUCT_BUNDLE_IDENTIFIER = "cc.fbianco.finance.Personal-Finance.watchkitapp.widgets";
				PRODUCT_NAME = "$(TARGET_NAME)";
				SDKROOT = watchos;
				SKIP_INSTALL = YES;
				SUPPORTED_PLATFORMS = "watchos watchsimulator";
				SWIFT_STRICT_CONCURRENCY = complete;
				SWIFT_VERSION = 5.0;
				TARGETED_DEVICE_FAMILY = 4;
				WATCHOS_DEPLOYMENT_TARGET = 26.0;
			};
			name = Debug;
		};
		F047CB00000000000000000A /* Release */ = {
			isa = XCBuildConfiguration;
			buildSettings = {
				APPLICATION_EXTENSION_API_ONLY = YES;
				CODE_SIGN_STYLE = Automatic;
				CURRENT_PROJECT_VERSION = 11;
				DEVELOPMENT_TEAM = 3SB8N9QD3Z;
				GENERATE_INFOPLIST_FILE = YES;
				INFOPLIST_FILE = ForgiaWatchWidgets/Info.plist;
				INFOPLIST_KEY_CFBundleDisplayName = "Formi Watch Widgets";
				LD_RUNPATH_SEARCH_PATHS = (
					"$(inherited)",
					"@executable_path/Frameworks",
					"@executable_path/../../Frameworks",
				);
				MARKETING_VERSION = 1.0;
				PRODUCT_BUNDLE_IDENTIFIER = "cc.fbianco.finance.Personal-Finance.watchkitapp.widgets";
				PRODUCT_NAME = "$(TARGET_NAME)";
				SDKROOT = watchos;
				SKIP_INSTALL = YES;
				SUPPORTED_PLATFORMS = "watchos watchsimulator";
				SWIFT_STRICT_CONCURRENCY = complete;
				SWIFT_VERSION = 5.0;
				TARGETED_DEVICE_FAMILY = 4;
				WATCHOS_DEPLOYMENT_TARGET = 26.0;
			};
			name = Release;
		};
		F0481B000000000000000009 /* Debug */ = {
			isa = XCBuildConfiguration;
			buildSettings = {
				APPLICATION_EXTENSION_API_ONLY = YES;
				CODE_SIGN_ENTITLEMENTS = FormiShare/FormiShare.entitlements;
				CODE_SIGN_STYLE = Automatic;
				CURRENT_PROJECT_VERSION = 11;
				DEVELOPMENT_TEAM = 3SB8N9QD3Z;
				ENABLE_APP_SANDBOX = YES;
				GENERATE_INFOPLIST_FILE = YES;
				INFOPLIST_FILE = FormiShare/Info.plist;
				INFOPLIST_KEY_CFBundleDisplayName = Formi;
				IPHONEOS_DEPLOYMENT_TARGET = 26.0;
				LD_RUNPATH_SEARCH_PATHS = (
					"$(inherited)",
					"@executable_path/Frameworks",
					"@executable_path/../../Frameworks",
				);
				MACOSX_DEPLOYMENT_TARGET = 26.0;
				MARKETING_VERSION = 1.0;
				PRODUCT_BUNDLE_IDENTIFIER = "cc.fbianco.finance.Personal-Finance.share";
				PRODUCT_NAME = "$(TARGET_NAME)";
				SDKROOT = auto;
				SKIP_INSTALL = YES;
				SUPPORTED_PLATFORMS = "iphoneos iphonesimulator";
				SUPPORTS_MACCATALYST = NO;
				SWIFT_EMIT_LOC_STRINGS = YES;
				SWIFT_VERSION = 5.0;
				TARGETED_DEVICE_FAMILY = "1,2";
			};
			name = Debug;
		};
		F0481B00000000000000000A /* Release */ = {
			isa = XCBuildConfiguration;
			buildSettings = {
				APPLICATION_EXTENSION_API_ONLY = YES;
				CODE_SIGN_ENTITLEMENTS = FormiShare/FormiShare.entitlements;
				CODE_SIGN_STYLE = Automatic;
				CURRENT_PROJECT_VERSION = 11;
				DEVELOPMENT_TEAM = 3SB8N9QD3Z;
				ENABLE_APP_SANDBOX = YES;
				GENERATE_INFOPLIST_FILE = YES;
				INFOPLIST_FILE = FormiShare/Info.plist;
				INFOPLIST_KEY_CFBundleDisplayName = Formi;
				IPHONEOS_DEPLOYMENT_TARGET = 26.0;
				LD_RUNPATH_SEARCH_PATHS = (
					"$(inherited)",
					"@executable_path/Frameworks",
					"@executable_path/../../Frameworks",
				);
				MACOSX_DEPLOYMENT_TARGET = 26.0;
				MARKETING_VERSION = 1.0;
				PRODUCT_BUNDLE_IDENTIFIER = "cc.fbianco.finance.Personal-Finance.share";
				PRODUCT_NAME = "$(TARGET_NAME)";
				SDKROOT = auto;
				SKIP_INSTALL = YES;
				SUPPORTED_PLATFORMS = "iphoneos iphonesimulator";
				SUPPORTS_MACCATALYST = NO;
				SWIFT_EMIT_LOC_STRINGS = YES;
				SWIFT_VERSION = 5.0;
				TARGETED_DEVICE_FAMILY = "1,2";
			};
			name = Release;
		};
/* End XCBuildConfiguration section */

/* Begin XCConfigurationList section */
		6D6508C32E5B400F0033992E /* Build configuration list for PBXProject "Personal Finance" */ = {
			isa = XCConfigurationList;
			buildConfigurations = (
				6D6508EF2E5B40100033992E /* Debug */,
				6D6508F02E5B40100033992E /* Release */,
			);
			defaultConfigurationIsVisible = 0;
			defaultConfigurationName = Release;
		};
		6D6508EC2E5B40100033992E /* Build configuration list for PBXNativeTarget "Personal Finance" */ = {
			isa = XCConfigurationList;
			buildConfigurations = (
				6D6508ED2E5B40100033992E /* Debug */,
				6D6508EE2E5B40100033992E /* Release */,
			);
			defaultConfigurationIsVisible = 0;
			defaultConfigurationName = Release;
		};
		6D6508F12E5B40100033992E /* Build configuration list for PBXNativeTarget "Personal FinanceTests" */ = {
			isa = XCConfigurationList;
			buildConfigurations = (
				6D6508F22E5B40100033992E /* Debug */,
				6D6508F32E5B40100033992E /* Release */,
			);
			defaultConfigurationIsVisible = 0;
			defaultConfigurationName = Release;
		};
		6D6508F42E5B40100033992E /* Build configuration list for PBXNativeTarget "Personal FinanceUITests" */ = {
			isa = XCConfigurationList;
			buildConfigurations = (
				6D6508F52E5B40100033992E /* Debug */,
				6D6508F62E5B40100033992E /* Release */,
			);
			defaultConfigurationIsVisible = 0;
			defaultConfigurationName = Release;
		};
		F0471A000000000000000008 /* Build configuration list for PBXNativeTarget "ForgiaWidgets" */ = {
			isa = XCConfigurationList;
			buildConfigurations = (
				F0471A000000000000000009 /* Debug */,
				F0471A00000000000000000A /* Release */,
			);
			defaultConfigurationIsVisible = 0;
			defaultConfigurationName = Release;
		};
		F047CA000000000000000008 /* Build configuration list for PBXNativeTarget "ForgiaWatch" */ = {
			isa = XCConfigurationList;
			buildConfigurations = (
				F047CA000000000000000009 /* Debug */,
				F047CA00000000000000000A /* Release */,
			);
			defaultConfigurationIsVisible = 0;
			defaultConfigurationName = Release;
		};
		F047CB000000000000000008 /* Build configuration list for PBXNativeTarget "ForgiaWatchWidgets" */ = {
			isa = XCConfigurationList;
			buildConfigurations = (
				F047CB000000000000000009 /* Debug */,
				F047CB00000000000000000A /* Release */,
			);
			defaultConfigurationIsVisible = 0;
			defaultConfigurationName = Release;
		};
		F0481B000000000000000008 /* Build configuration list for PBXNativeTarget "FormiShare" */ = {
			isa = XCConfigurationList;
			buildConfigurations = (
				F0481B000000000000000009 /* Debug */,
				F0481B00000000000000000A /* Release */,
			);
			defaultConfigurationIsVisible = 0;
			defaultConfigurationName = Release;
		};
/* End XCConfigurationList section */

/* Begin XCLocalSwiftPackageReference section */
		6D6508F72E5B418F0033992E /* XCLocalSwiftPackageReference "Packages/FinanceCore" */ = {
			isa = XCLocalSwiftPackageReference;
			relativePath = Packages/FinanceCore;
		};
		F1CA1E000000000000000003 /* XCLocalSwiftPackageReference "Packages/FinanceUICalendar" */ = {
			isa = XCLocalSwiftPackageReference;
			relativePath = Packages/FinanceUICalendar;
		};
/* End XCLocalSwiftPackageReference section */

/* Begin XCSwiftPackageProductDependency section */
		6D6508F82E5B418F0033992E /* FinanceCore */ = {
			isa = XCSwiftPackageProductDependency;
			productName = FinanceCore;
		};
		F0471A00000000000000000F /* FinanceCore */ = {
			isa = XCSwiftPackageProductDependency;
			productName = FinanceCore;
		};
		F0481B00000000000000000F /* FinanceCore */ = {
			isa = XCSwiftPackageProductDependency;
			productName = FinanceCore;
		};
		F1CA1E000000000000000002 /* FinanceUICalendar */ = {
			isa = XCSwiftPackageProductDependency;
			productName = FinanceUICalendar;
		};
/* End XCSwiftPackageProductDependency section */
	};
	rootObject = 6D6508C02E5B400F0033992E /* Project object */;
}
